
Microsoft Visual Studio Solution File, Format Version 12.00
# Visual Studio 15
VisualStudioVersion = 15.0.27703.2018
MinimumVisualStudioVersion = 10.0.40219.1
Project("{FAE04EC0-301F-11D3-BF4B-00C04F79EFBC}") = "lab2", "lab2\lab2.csproj", "{0445CE00-ADCC-401A-99C9-6B1896E89BF1}"
EndProject
Global
	GlobalSection(SolutionConfigurationPlatforms) = preSolution
		Debug|Any CPU = Debug|Any CPU
		Release|Any CPU = Release|Any CPU
	EndGlobalSection
	GlobalSection(ProjectConfigurationPlatforms) = postSolution
		{0445CE00-ADCC-401A-99C9-6B1896E89BF1}.Debug|Any CPU.ActiveCfg = Debug|Any CPU
		{0445CE00-ADCC-401A-99C9-6B1896E89BF1}.Debug|Any CPU.Build.0 = Debug|Any CPU
		{0445CE00-ADCC-401A-99C9-6B1896E89BF1}.Release|Any CPU.ActiveCfg = Release|Any CPU
		{0445CE00-ADCC-401A-99C9-6B1896E89BF1}.Release|Any CPU.Build.0 = Release|Any CPU
	EndGlobalSection
	GlobalSection(SolutionProperties) = preSolution
		HideSolutionNode = FALSE
	EndGlobalSection
	GlobalSection(ExtensibilityGlobals) = postSolution
		SolutionGuid = {E3DABD27-C976-4CE3-8CD0-F7D6E9E809F6}
	EndGlobalSection
EndGlobal
